
Microsoft Visual Studio Solution File, Format Version 12.00
# Visual Studio Version 17
VisualStudioVersion = 17.5.33516.290
MinimumVisualStudioVersion = 10.0.40219.1
Project("{9A19103F-16F7-4668-BE54-9A1E7A4F7556}") = "AssemblyLineManager", "AssemblyLineManager\AssemblyLineManager.csproj", "{168A9E33-7061-466C-8DAF-599783F21193}"
EndProject
Project("{9A19103F-16F7-4668-BE54-9A1E7A4F7556}") = "AssemblyLineManager.DataContracts", "AssemblyLineManager.DataContracts\AssemblyLineManager.DataContracts.csproj", "{19FFC548-8FD5-417D-B6E6-BFBDCBA91D2E}"
EndProject
Project("{9A19103F-16F7-4668-BE54-9A1E7A4F7556}") = "AssemblyLineManager.Tests", "AssemblyLineManager.Tests\AssemblyLineManager.Tests.csproj", "{009A14E6-47D3-4809-A22E-03F2197F14AE}"
EndProject
Project("{9A19103F-16F7-4668-BE54-9A1E7A4F7556}") = "AssemblyLineManager.UITests", "AssemblyLineManager.UITests\AssemblyLineManager.UITests.csproj", "{3F1892EF-6360-4F9F-8DB4-7849FB792318}"
EndProject
Project("{9A19103F-16F7-4668-BE54-9A1E7A4F7556}") = "AssemblyLineManager.Mobile", "AssemblyLineManager.Mobile\AssemblyLineManager.Mobile.csproj", "{9D950C64-3827-4AF9-A552-7A4C98BA18E7}"
EndProject
Project("{9A19103F-16F7-4668-BE54-9A1E7A4F7556}") = "AssemblyLineManager.Windows", "AssemblyLineManager.Windows\AssemblyLineManager.Windows.csproj", "{72EE0944-AF6E-4ADA-B8AD-E9225859AB44}"
EndProject
Project("{9A19103F-16F7-4668-BE54-9A1E7A4F7556}") = "AssemblyLineManager.Skia.Gtk", "AssemblyLineManager.Skia.Gtk\AssemblyLineManager.Skia.Gtk.csproj", "{C6113132-62D1-461C-9416-2766C3E42020}"
EndProject
Project("{9A19103F-16F7-4668-BE54-9A1E7A4F7556}") = "AssemblyLineManager.AGV", "AssemblyLineManager.AGV\AssemblyLineManager.AGV.csproj", "{42BBC723-59A7-4CAF-A632-C035DDED219A}"
EndProject
Project("{9A19103F-16F7-4668-BE54-9A1E7A4F7556}") = "AssemblyLineManager.AssemblyStation", "AssemblyLineManager.AssemblyStation\AssemblyLineManager.AssemblyStation.csproj", "{5F34F5D7-D883-4A02-A6FF-5A5A8333BF0D}"
EndProject
Project("{9A19103F-16F7-4668-BE54-9A1E7A4F7556}") = "AssemblyLineManager.CommonLib", "AssemblyLineManager.CommonLib\AssemblyLineManager.CommonLib.csproj", "{CD635B50-0ACE-4182-B4F1-5E6C8D1FBF8A}"
EndProject
Project("{9A19103F-16F7-4668-BE54-9A1E7A4F7556}") = "AssemblyLineManager.Core", "AssemblyLineManager.Core\AssemblyLineManager.Core.csproj", "{E427C6B9-7AED-48F3-98F2-E09A2F4E9874}"
EndProject
Project("{9A19103F-16F7-4668-BE54-9A1E7A4F7556}") = "AssemblyLineManager.Warehouse", "AssemblyLineManager.Warehouse\AssemblyLineManager.Warehouse.csproj", "{15AE828B-7E11-4E86-98A2-962216C4A30F}"
EndProject
Project("{2150E333-8FDC-42A3-9474-1A3956D46DE8}") = "Solution Items", "Solution Items", "{785DD730-127C-4EFB-AA07-E3682DEEBB48}"
	ProjectSection(SolutionItems) = preProject
		README.md = README.md
	EndProjectSection
EndProject
Global
	GlobalSection(SolutionConfigurationPlatforms) = preSolution
		Debug|Any CPU = Debug|Any CPU
		Debug|arm64 = Debug|arm64
		Debug|x64 = Debug|x64
		Debug|x86 = Debug|x86
		Release|Any CPU = Release|Any CPU
		Release|arm64 = Release|arm64
		Release|x64 = Release|x64
		Release|x86 = Release|x86
	EndGlobalSection
	GlobalSection(ProjectConfigurationPlatforms) = postSolution
		{168A9E33-7061-466C-8DAF-599783F21193}.Debug|Any CPU.ActiveCfg = Debug|Any CPU
		{168A9E33-7061-466C-8DAF-599783F21193}.Debug|Any CPU.Build.0 = Debug|Any CPU
		{168A9E33-7061-466C-8DAF-599783F21193}.Debug|arm64.ActiveCfg = Debug|Any CPU
		{168A9E33-7061-466C-8DAF-599783F21193}.Debug|arm64.Build.0 = Debug|Any CPU
		{168A9E33-7061-466C-8DAF-599783F21193}.Debug|x64.ActiveCfg = Debug|Any CPU
		{168A9E33-7061-466C-8DAF-599783F21193}.Debug|x64.Build.0 = Debug|Any CPU
		{168A9E33-7061-466C-8DAF-599783F21193}.Debug|x86.ActiveCfg = Debug|Any CPU
		{168A9E33-7061-466C-8DAF-599783F21193}.Debug|x86.Build.0 = Debug|Any CPU
		{168A9E33-7061-466C-8DAF-599783F21193}.Release|Any CPU.ActiveCfg = Release|Any CPU
		{168A9E33-7061-466C-8DAF-599783F21193}.Release|Any CPU.Build.0 = Release|Any CPU
		{168A9E33-7061-466C-8DAF-599783F21193}.Release|arm64.ActiveCfg = Release|Any CPU
		{168A9E33-7061-466C-8DAF-599783F21193}.Release|arm64.Build.0 = Release|Any CPU
		{168A9E33-7061-466C-8DAF-599783F21193}.Release|x64.ActiveCfg = Release|Any CPU
		{168A9E33-7061-466C-8DAF-599783F21193}.Release|x64.Build.0 = Release|Any CPU
		{168A9E33-7061-466C-8DAF-599783F21193}.Release|x86.ActiveCfg = Release|Any CPU
		{168A9E33-7061-466C-8DAF-599783F21193}.Release|x86.Build.0 = Release|Any CPU
		{19FFC548-8FD5-417D-B6E6-BFBDCBA91D2E}.Debug|Any CPU.ActiveCfg = Debug|Any CPU
		{19FFC548-8FD5-417D-B6E6-BFBDCBA91D2E}.Debug|Any CPU.Build.0 = Debug|Any CPU
		{19FFC548-8FD5-417D-B6E6-BFBDCBA91D2E}.Debug|arm64.ActiveCfg = Debug|Any CPU
		{19FFC548-8FD5-417D-B6E6-BFBDCBA91D2E}.Debug|arm64.Build.0 = Debug|Any CPU
		{19FFC548-8FD5-417D-B6E6-BFBDCBA91D2E}.Debug|x64.ActiveCfg = Debug|Any CPU
		{19FFC548-8FD5-417D-B6E6-BFBDCBA91D2E}.Debug|x64.Build.0 = Debug|Any CPU
		{19FFC548-8FD5-417D-B6E6-BFBDCBA91D2E}.Debug|x86.ActiveCfg = Debug|Any CPU
		{19FFC548-8FD5-417D-B6E6-BFBDCBA91D2E}.Debug|x86.Build.0 = Debug|Any CPU
		{19FFC548-8FD5-417D-B6E6-BFBDCBA91D2E}.Release|Any CPU.ActiveCfg = Release|Any CPU
		{19FFC548-8FD5-417D-B6E6-BFBDCBA91D2E}.Release|Any CPU.Build.0 = Release|Any CPU
		{19FFC548-8FD5-417D-B6E6-BFBDCBA91D2E}.Release|arm64.ActiveCfg = Release|Any CPU
		{19FFC548-8FD5-417D-B6E6-BFBDCBA91D2E}.Release|arm64.Build.0 = Release|Any CPU
		{19FFC548-8FD5-417D-B6E6-BFBDCBA91D2E}.Release|x64.ActiveCfg = Release|Any CPU
		{19FFC548-8FD5-417D-B6E6-BFBDCBA91D2E}.Release|x64.Build.0 = Release|Any CPU
		{19FFC548-8FD5-417D-B6E6-BFBDCBA91D2E}.Release|x86.ActiveCfg = Release|Any CPU
		{19FFC548-8FD5-417D-B6E6-BFBDCBA91D2E}.Release|x86.Build.0 = Release|Any CPU
		{009A14E6-47D3-4809-A22E-03F2197F14AE}.Debug|Any CPU.ActiveCfg = Debug|Any CPU
		{009A14E6-47D3-4809-A22E-03F2197F14AE}.Debug|Any CPU.Build.0 = Debug|Any CPU
		{009A14E6-47D3-4809-A22E-03F2197F14AE}.Debug|arm64.ActiveCfg = Debug|Any CPU
		{009A14E6-47D3-4809-A22E-03F2197F14AE}.Debug|arm64.Build.0 = Debug|Any CPU
		{009A14E6-47D3-4809-A22E-03F2197F14AE}.Debug|x64.ActiveCfg = Debug|Any CPU
		{009A14E6-47D3-4809-A22E-03F2197F14AE}.Debug|x64.Build.0 = Debug|Any CPU
		{009A14E6-47D3-4809-A22E-03F2197F14AE}.Debug|x86.ActiveCfg = Debug|Any CPU
		{009A14E6-47D3-4809-A22E-03F2197F14AE}.Debug|x86.Build.0 = Debug|Any CPU
		{009A14E6-47D3-4809-A22E-03F2197F14AE}.Release|Any CPU.ActiveCfg = Release|Any CPU
		{009A14E6-47D3-4809-A22E-03F2197F14AE}.Release|Any CPU.Build.0 = Release|Any CPU
		{009A14E6-47D3-4809-A22E-03F2197F14AE}.Release|arm64.ActiveCfg = Release|Any CPU
		{009A14E6-47D3-4809-A22E-03F2197F14AE}.Release|arm64.Build.0 = Release|Any CPU
		{009A14E6-47D3-4809-A22E-03F2197F14AE}.Release|x64.ActiveCfg = Release|Any CPU
		{009A14E6-47D3-4809-A22E-03F2197F14AE}.Release|x64.Build.0 = Release|Any CPU
		{009A14E6-47D3-4809-A22E-03F2197F14AE}.Release|x86.ActiveCfg = Release|Any CPU
		{009A14E6-47D3-4809-A22E-03F2197F14AE}.Release|x86.Build.0 = Release|Any CPU
		{3F1892EF-6360-4F9F-8DB4-7849FB792318}.Debug|Any CPU.ActiveCfg = Debug|Any CPU
		{3F1892EF-6360-4F9F-8DB4-7849FB792318}.Debug|Any CPU.Build.0 = Debug|Any CPU
		{3F1892EF-6360-4F9F-8DB4-7849FB792318}.Debug|arm64.ActiveCfg = Debug|Any CPU
		{3F1892EF-6360-4F9F-8DB4-7849FB792318}.Debug|arm64.Build.0 = Debug|Any CPU
		{3F1892EF-6360-4F9F-8DB4-7849FB792318}.Debug|x64.ActiveCfg = Debug|Any CPU
		{3F1892EF-6360-4F9F-8DB4-7849FB792318}.Debug|x64.Build.0 = Debug|Any CPU
		{3F1892EF-6360-4F9F-8DB4-7849FB792318}.Debug|x86.ActiveCfg = Debug|Any CPU
		{3F1892EF-6360-4F9F-8DB4-7849FB792318}.Debug|x86.Build.0 = Debug|Any CPU
		{3F1892EF-6360-4F9F-8DB4-7849FB792318}.Release|Any CPU.ActiveCfg = Release|Any CPU
		{3F1892EF-6360-4F9F-8DB4-7849FB792318}.Release|Any CPU.Build.0 = Release|Any CPU
		{3F1892EF-6360-4F9F-8DB4-7849FB792318}.Release|arm64.ActiveCfg = Release|Any CPU
		{3F1892EF-6360-4F9F-8DB4-7849FB792318}.Release|arm64.Build.0 = Release|Any CPU
		{3F1892EF-6360-4F9F-8DB4-7849FB792318}.Release|x64.ActiveCfg = Release|Any CPU
		{3F1892EF-6360-4F9F-8DB4-7849FB792318}.Release|x64.Build.0 = Release|Any CPU
		{3F1892EF-6360-4F9F-8DB4-7849FB792318}.Release|x86.ActiveCfg = Release|Any CPU
		{3F1892EF-6360-4F9F-8DB4-7849FB792318}.Release|x86.Build.0 = Release|Any CPU
		{9D950C64-3827-4AF9-A552-7A4C98BA18E7}.Debug|Any CPU.ActiveCfg = Debug|Any CPU
		{9D950C64-3827-4AF9-A552-7A4C98BA18E7}.Debug|Any CPU.Build.0 = Debug|Any CPU
		{9D950C64-3827-4AF9-A552-7A4C98BA18E7}.Debug|Any CPU.Deploy.0 = Debug|Any CPU
		{9D950C64-3827-4AF9-A552-7A4C98BA18E7}.Debug|arm64.ActiveCfg = Debug|Any CPU
		{9D950C64-3827-4AF9-A552-7A4C98BA18E7}.Debug|arm64.Build.0 = Debug|Any CPU
		{9D950C64-3827-4AF9-A552-7A4C98BA18E7}.Debug|arm64.Deploy.0 = Debug|Any CPU
		{9D950C64-3827-4AF9-A552-7A4C98BA18E7}.Debug|x64.ActiveCfg = Debug|Any CPU
		{9D950C64-3827-4AF9-A552-7A4C98BA18E7}.Debug|x64.Build.0 = Debug|Any CPU
		{9D950C64-3827-4AF9-A552-7A4C98BA18E7}.Debug|x64.Deploy.0 = Debug|Any CPU
		{9D950C64-3827-4AF9-A552-7A4C98BA18E7}.Debug|x86.ActiveCfg = Debug|Any CPU
		{9D950C64-3827-4AF9-A552-7A4C98BA18E7}.Debug|x86.Build.0 = Debug|Any CPU
		{9D950C64-3827-4AF9-A552-7A4C98BA18E7}.Debug|x86.Deploy.0 = Debug|Any CPU
		{9D950C64-3827-4AF9-A552-7A4C98BA18E7}.Release|Any CPU.ActiveCfg = Release|Any CPU
		{9D950C64-3827-4AF9-A552-7A4C98BA18E7}.Release|Any CPU.Build.0 = Release|Any CPU
		{9D950C64-3827-4AF9-A552-7A4C98BA18E7}.Release|Any CPU.Deploy.0 = Release|Any CPU
		{9D950C64-3827-4AF9-A552-7A4C98BA18E7}.Release|arm64.ActiveCfg = Release|Any CPU
		{9D950C64-3827-4AF9-A552-7A4C98BA18E7}.Release|arm64.Build.0 = Release|Any CPU
		{9D950C64-3827-4AF9-A552-7A4C98BA18E7}.Release|arm64.Deploy.0 = Release|Any CPU
		{9D950C64-3827-4AF9-A552-7A4C98BA18E7}.Release|x64.ActiveCfg = Release|Any CPU
		{9D950C64-3827-4AF9-A552-7A4C98BA18E7}.Release|x64.Build.0 = Release|Any CPU
		{9D950C64-3827-4AF9-A552-7A4C98BA18E7}.Release|x64.Deploy.0 = Release|Any CPU
		{9D950C64-3827-4AF9-A552-7A4C98BA18E7}.Release|x86.ActiveCfg = Release|Any CPU
		{9D950C64-3827-4AF9-A552-7A4C98BA18E7}.Release|x86.Build.0 = Release|Any CPU
		{9D950C64-3827-4AF9-A552-7A4C98BA18E7}.Release|x86.Deploy.0 = Release|Any CPU
		{72EE0944-AF6E-4ADA-B8AD-E9225859AB44}.Debug|Any CPU.ActiveCfg = Debug|x64
		{72EE0944-AF6E-4ADA-B8AD-E9225859AB44}.Debug|Any CPU.Build.0 = Debug|x64
		{72EE0944-AF6E-4ADA-B8AD-E9225859AB44}.Debug|Any CPU.Deploy.0 = Debug|x64
		{72EE0944-AF6E-4ADA-B8AD-E9225859AB44}.Debug|arm64.ActiveCfg = Debug|arm64
		{72EE0944-AF6E-4ADA-B8AD-E9225859AB44}.Debug|arm64.Build.0 = Debug|arm64
		{72EE0944-AF6E-4ADA-B8AD-E9225859AB44}.Debug|x64.ActiveCfg = Debug|x64
		{72EE0944-AF6E-4ADA-B8AD-E9225859AB44}.Debug|x64.Build.0 = Debug|x64
		{72EE0944-AF6E-4ADA-B8AD-E9225859AB44}.Debug|x86.ActiveCfg = Debug|x86
		{72EE0944-AF6E-4ADA-B8AD-E9225859AB44}.Debug|x86.Build.0 = Debug|x86
		{72EE0944-AF6E-4ADA-B8AD-E9225859AB44}.Release|Any CPU.ActiveCfg = Release|x64
		{72EE0944-AF6E-4ADA-B8AD-E9225859AB44}.Release|Any CPU.Build.0 = Release|x64
		{72EE0944-AF6E-4ADA-B8AD-E9225859AB44}.Release|arm64.ActiveCfg = Release|arm64
		{72EE0944-AF6E-4ADA-B8AD-E9225859AB44}.Release|arm64.Build.0 = Release|arm64
		{72EE0944-AF6E-4ADA-B8AD-E9225859AB44}.Release|x64.ActiveCfg = Release|x64
		{72EE0944-AF6E-4ADA-B8AD-E9225859AB44}.Release|x64.Build.0 = Release|x64
		{72EE0944-AF6E-4ADA-B8AD-E9225859AB44}.Release|x86.ActiveCfg = Release|x86
		{72EE0944-AF6E-4ADA-B8AD-E9225859AB44}.Release|x86.Build.0 = Release|x86
		{C6113132-62D1-461C-9416-2766C3E42020}.Debug|Any CPU.ActiveCfg = Debug|Any CPU
		{C6113132-62D1-461C-9416-2766C3E42020}.Debug|Any CPU.Build.0 = Debug|Any CPU
		{C6113132-62D1-461C-9416-2766C3E42020}.Debug|arm64.ActiveCfg = Debug|Any CPU
		{C6113132-62D1-461C-9416-2766C3E42020}.Debug|arm64.Build.0 = Debug|Any CPU
		{C6113132-62D1-461C-9416-2766C3E42020}.Debug|x64.ActiveCfg = Debug|Any CPU
		{C6113132-62D1-461C-9416-2766C3E42020}.Debug|x64.Build.0 = Debug|Any CPU
		{C6113132-62D1-461C-9416-2766C3E42020}.Debug|x86.ActiveCfg = Debug|Any CPU
		{C6113132-62D1-461C-9416-2766C3E42020}.Debug|x86.Build.0 = Debug|Any CPU
		{C6113132-62D1-461C-9416-2766C3E42020}.Release|Any CPU.ActiveCfg = Release|Any CPU
		{C6113132-62D1-461C-9416-2766C3E42020}.Release|Any CPU.Build.0 = Release|Any CPU
		{C6113132-62D1-461C-9416-2766C3E42020}.Release|arm64.ActiveCfg = Release|Any CPU
		{C6113132-62D1-461C-9416-2766C3E42020}.Release|arm64.Build.0 = Release|Any CPU
		{C6113132-62D1-461C-9416-2766C3E42020}.Release|x64.ActiveCfg = Release|Any CPU
		{C6113132-62D1-461C-9416-2766C3E42020}.Release|x64.Build.0 = Release|Any CPU
		{C6113132-62D1-461C-9416-2766C3E42020}.Release|x86.ActiveCfg = Release|Any CPU
		{C6113132-62D1-461C-9416-2766C3E42020}.Release|x86.Build.0 = Release|Any CPU
		{42BBC723-59A7-4CAF-A632-C035DDED219A}.Debug|Any CPU.ActiveCfg = Debug|Any CPU
		{42BBC723-59A7-4CAF-A632-C035DDED219A}.Debug|Any CPU.Build.0 = Debug|Any CPU
		{42BBC723-59A7-4CAF-A632-C035DDED219A}.Debug|arm64.ActiveCfg = Debug|Any CPU
		{42BBC723-59A7-4CAF-A632-C035DDED219A}.Debug|arm64.Build.0 = Debug|Any CPU
		{42BBC723-59A7-4CAF-A632-C035DDED219A}.Debug|x64.ActiveCfg = Debug|Any CPU
		{42BBC723-59A7-4CAF-A632-C035DDED219A}.Debug|x64.Build.0 = Debug|Any CPU
		{42BBC723-59A7-4CAF-A632-C035DDED219A}.Debug|x86.ActiveCfg = Debug|Any CPU
		{42BBC723-59A7-4CAF-A632-C035DDED219A}.Debug|x86.Build.0 = Debug|Any CPU
		{42BBC723-59A7-4CAF-A632-C035DDED219A}.Release|Any CPU.ActiveCfg = Release|Any CPU
		{42BBC723-59A7-4CAF-A632-C035DDED219A}.Release|Any CPU.Build.0 = Release|Any CPU
		{42BBC723-59A7-4CAF-A632-C035DDED219A}.Release|arm64.ActiveCfg = Release|Any CPU
		{42BBC723-59A7-4CAF-A632-C035DDED219A}.Release|arm64.Build.0 = Release|Any CPU
		{42BBC723-59A7-4CAF-A632-C035DDED219A}.Release|x64.ActiveCfg = Release|Any CPU
		{42BBC723-59A7-4CAF-A632-C035DDED219A}.Release|x64.Build.0 = Release|Any CPU
		{42BBC723-59A7-4CAF-A632-C035DDED219A}.Release|x86.ActiveCfg = Release|Any CPU
		{42BBC723-59A7-4CAF-A632-C035DDED219A}.Release|x86.Build.0 = Release|Any CPU
		{5F34F5D7-D883-4A02-A6FF-5A5A8333BF0D}.Debug|Any CPU.ActiveCfg = Debug|Any CPU
		{5F34F5D7-D883-4A02-A6FF-5A5A8333BF0D}.Debug|Any CPU.Build.0 = Debug|Any CPU
		{5F34F5D7-D883-4A02-A6FF-5A5A8333BF0D}.Debug|arm64.ActiveCfg = Debug|Any CPU
		{5F34F5D7-D883-4A02-A6FF-5A5A8333BF0D}.Debug|arm64.Build.0 = Debug|Any CPU
		{5F34F5D7-D883-4A02-A6FF-5A5A8333BF0D}.Debug|x64.ActiveCfg = Debug|Any CPU
		{5F34F5D7-D883-4A02-A6FF-5A5A8333BF0D}.Debug|x64.Build.0 = Debug|Any CPU
		{5F34F5D7-D883-4A02-A6FF-5A5A8333BF0D}.Debug|x86.ActiveCfg = Debug|Any CPU
		{5F34F5D7-D883-4A02-A6FF-5A5A8333BF0D}.Debug|x86.Build.0 = Debug|Any CPU
		{5F34F5D7-D883-4A02-A6FF-5A5A8333BF0D}.Release|Any CPU.ActiveCfg = Release|Any CPU
		{5F34F5D7-D883-4A02-A6FF-5A5A8333BF0D}.Release|Any CPU.Build.0 = Release|Any CPU
		{5F34F5D7-D883-4A02-A6FF-5A5A8333BF0D}.Release|arm64.ActiveCfg = Release|Any CPU
		{5F34F5D7-D883-4A02-A6FF-5A5A8333BF0D}.Release|arm64.Build.0 = Release|Any CPU
		{5F34F5D7-D883-4A02-A6FF-5A5A8333BF0D}.Release|x64.ActiveCfg = Release|Any CPU
		{5F34F5D7-D883-4A02-A6FF-5A5A8333BF0D}.Release|x64.Build.0 = Release|Any CPU
		{5F34F5D7-D883-4A02-A6FF-5A5A8333BF0D}.Release|x86.ActiveCfg = Release|Any CPU
		{5F34F5D7-D883-4A02-A6FF-5A5A8333BF0D}.Release|x86.Build.0 = Release|Any CPU
		{CD635B50-0ACE-4182-B4F1-5E6C8D1FBF8A}.Debug|Any CPU.ActiveCfg = Debug|Any CPU
		{CD635B50-0ACE-4182-B4F1-5E6C8D1FBF8A}.Debug|Any CPU.Build.0 = Debug|Any CPU
		{CD635B50-0ACE-4182-B4F1-5E6C8D1FBF8A}.Debug|arm64.ActiveCfg = Debug|Any CPU
		{CD635B50-0ACE-4182-B4F1-5E6C8D1FBF8A}.Debug|arm64.Build.0 = Debug|Any CPU
		{CD635B50-0ACE-4182-B4F1-5E6C8D1FBF8A}.Debug|x64.ActiveCfg = Debug|Any CPU
		{CD635B50-0ACE-4182-B4F1-5E6C8D1FBF8A}.Debug|x64.Build.0 = Debug|Any CPU
		{CD635B50-0ACE-4182-B4F1-5E6C8D1FBF8A}.Debug|x86.ActiveCfg = Debug|Any CPU
		{CD635B50-0ACE-4182-B4F1-5E6C8D1FBF8A}.Debug|x86.Build.0 = Debug|Any CPU
		{CD635B50-0ACE-4182-B4F1-5E6C8D1FBF8A}.Release|Any CPU.ActiveCfg = Release|Any CPU
		{CD635B50-0ACE-4182-B4F1-5E6C8D1FBF8A}.Release|Any CPU.Build.0 = Release|Any CPU
		{CD635B50-0ACE-4182-B4F1-5E6C8D1FBF8A}.Release|arm64.ActiveCfg = Release|Any CPU
		{CD635B50-0ACE-4182-B4F1-5E6C8D1FBF8A}.Release|arm64.Build.0 = Release|Any CPU
		{CD635B50-0ACE-4182-B4F1-5E6C8D1FBF8A}.Release|x64.ActiveCfg = Release|Any CPU
		{CD635B50-0ACE-4182-B4F1-5E6C8D1FBF8A}.Release|x64.Build.0 = Release|Any CPU
		{CD635B50-0ACE-4182-B4F1-5E6C8D1FBF8A}.Release|x86.ActiveCfg = Release|Any CPU
		{CD635B50-0ACE-4182-B4F1-5E6C8D1FBF8A}.Release|x86.Build.0 = Release|Any CPU
		{E427C6B9-7AED-48F3-98F2-E09A2F4E9874}.Debug|Any CPU.ActiveCfg = Debug|Any CPU
		{E427C6B9-7AED-48F3-98F2-E09A2F4E9874}.Debug|Any CPU.Build.0 = Debug|Any CPU
		{E427C6B9-7AED-48F3-98F2-E09A2F4E9874}.Debug|arm64.ActiveCfg = Debug|Any CPU
		{E427C6B9-7AED-48F3-98F2-E09A2F4E9874}.Debug|arm64.Build.0 = Debug|Any CPU
		{E427C6B9-7AED-48F3-98F2-E09A2F4E9874}.Debug|x64.ActiveCfg = Debug|Any CPU
		{E427C6B9-7AED-48F3-98F2-E09A2F4E9874}.Debug|x64.Build.0 = Debug|Any CPU
		{E427C6B9-7AED-48F3-98F2-E09A2F4E9874}.Debug|x86.ActiveCfg = Debug|Any CPU
		{E427C6B9-7AED-48F3-98F2-E09A2F4E9874}.Debug|x86.Build.0 = Debug|Any CPU
		{E427C6B9-7AED-48F3-98F2-E09A2F4E9874}.Release|Any CPU.ActiveCfg = Release|Any CPU
		{E427C6B9-7AED-48F3-98F2-E09A2F4E9874}.Release|Any CPU.Build.0 = Release|Any CPU
		{E427C6B9-7AED-48F3-98F2-E09A2F4E9874}.Release|arm64.ActiveCfg = Release|Any CPU
		{E427C6B9-7AED-48F3-98F2-E09A2F4E9874}.Release|arm64.Build.0 = Release|Any CPU
		{E427C6B9-7AED-48F3-98F2-E09A2F4E9874}.Release|x64.ActiveCfg = Release|Any CPU
		{E427C6B9-7AED-48F3-98F2-E09A2F4E9874}.Release|x64.Build.0 = Release|Any CPU
		{E427C6B9-7AED-48F3-98F2-E09A2F4E9874}.Release|x86.ActiveCfg = Release|Any CPU
		{E427C6B9-7AED-48F3-98F2-E09A2F4E9874}.Release|x86.Build.0 = Release|Any CPU
		{15AE828B-7E11-4E86-98A2-962216C4A30F}.Debug|Any CPU.ActiveCfg = Debug|Any CPU
		{15AE828B-7E11-4E86-98A2-962216C4A30F}.Debug|Any CPU.Build.0 = Debug|Any CPU
		{15AE828B-7E11-4E86-98A2-962216C4A30F}.Debug|arm64.ActiveCfg = Debug|Any CPU
		{15AE828B-7E11-4E86-98A2-962216C4A30F}.Debug|arm64.Build.0 = Debug|Any CPU
		{15AE828B-7E11-4E86-98A2-962216C4A30F}.Debug|x64.ActiveCfg = Debug|Any CPU
		{15AE828B-7E11-4E86-98A2-962216C4A30F}.Debug|x64.Build.0 = Debug|Any CPU
		{15AE828B-7E11-4E86-98A2-962216C4A30F}.Debug|x86.ActiveCfg = Debug|Any CPU
		{15AE828B-7E11-4E86-98A2-962216C4A30F}.Debug|x86.Build.0 = Debug|Any CPU
		{15AE828B-7E11-4E86-98A2-962216C4A30F}.Release|Any CPU.ActiveCfg = Release|Any CPU
		{15AE828B-7E11-4E86-98A2-962216C4A30F}.Release|Any CPU.Build.0 = Release|Any CPU
		{15AE828B-7E11-4E86-98A2-962216C4A30F}.Release|arm64.ActiveCfg = Release|Any CPU
		{15AE828B-7E11-4E86-98A2-962216C4A30F}.Release|arm64.Build.0 = Release|Any CPU
		{15AE828B-7E11-4E86-98A2-962216C4A30F}.Release|x64.ActiveCfg = Release|Any CPU
		{15AE828B-7E11-4E86-98A2-962216C4A30F}.Release|x64.Build.0 = Release|Any CPU
		{15AE828B-7E11-4E86-98A2-962216C4A30F}.Release|x86.ActiveCfg = Release|Any CPU
		{15AE828B-7E11-4E86-98A2-962216C4A30F}.Release|x86.Build.0 = Release|Any CPU
	EndGlobalSection
	GlobalSection(SolutionProperties) = preSolution
		HideSolutionNode = FALSE
	EndGlobalSection
	GlobalSection(ExtensibilityGlobals) = postSolution
		SolutionGuid = {0C0213E8-AEE6-4511-9D5A-8D0F9CD75943}
	EndGlobalSection
EndGlobal
