
Microsoft Visual Studio Solution File, Format Version 12.00
# Visual Studio Version 17
VisualStudioVersion = 17.5.33516.290
MinimumVisualStudioVersion = 10.0.40219.1
Project("{9A19103F-16F7-4668-BE54-9A1E7A4F7556}") = "AssemblyLineManager.Tests", "AssemblyLineManager.Tests\AssemblyLineManager.Tests.csproj", "{009A14E6-47D3-4809-A22E-03F2197F14AE}"
	ProjectSection(ProjectDependencies) = postProject
		{5F34F5D7-D883-4A02-A6FF-5A5A8333BF0D} = {5F34F5D7-D883-4A02-A6FF-5A5A8333BF0D}
	EndProjectSection
EndProject
Project("{9A19103F-16F7-4668-BE54-9A1E7A4F7556}") = "AssemblyLineManager.AGV", "AssemblyLineManager.AGV\AssemblyLineManager.AGV.csproj", "{42BBC723-59A7-4CAF-A632-C035DDED219A}"
EndProject
Project("{9A19103F-16F7-4668-BE54-9A1E7A4F7556}") = "AssemblyLineManager.AssemblyStation", "AssemblyLineManager.AssemblyStation\AssemblyLineManager.AssemblyStation.csproj", "{5F34F5D7-D883-4A02-A6FF-5A5A8333BF0D}"
EndProject
Project("{9A19103F-16F7-4668-BE54-9A1E7A4F7556}") = "AssemblyLineManager.CommonLib", "AssemblyLineManager.CommonLib\AssemblyLineManager.CommonLib.csproj", "{CD635B50-0ACE-4182-B4F1-5E6C8D1FBF8A}"
EndProject
Project("{9A19103F-16F7-4668-BE54-9A1E7A4F7556}") = "AssemblyLineManager.Core", "AssemblyLineManager.Core\AssemblyLineManager.Core.csproj", "{E427C6B9-7AED-48F3-98F2-E09A2F4E9874}"
EndProject
Project("{9A19103F-16F7-4668-BE54-9A1E7A4F7556}") = "AssemblyLineManager.Warehouse", "AssemblyLineManager.Warehouse\AssemblyLineManager.Warehouse.csproj", "{15AE828B-7E11-4E86-98A2-962216C4A30F}"
EndProject
Project("{2150E333-8FDC-42A3-9474-1A3956D46DE8}") = "Solution Items", "Solution Items", "{785DD730-127C-4EFB-AA07-E3682DEEBB48}"
	ProjectSection(SolutionItems) = preProject
		README.md = README.md
	EndProjectSection
EndProject
Project("{FAE04EC0-301F-11D3-BF4B-00C04F79EFBC}") = "AssemblyLineManager.GUI", "AssemblyLineManager.GUI\AssemblyLineManager.GUI.csproj", "{D558C7D1-78D6-4415-92D4-CF169B7E9B43}"
EndProject
Global
	GlobalSection(SolutionConfigurationPlatforms) = preSolution
		Debug|Any CPU = Debug|Any CPU
		Debug|arm64 = Debug|arm64
		Debug|x64 = Debug|x64
		Debug|x86 = Debug|x86
		Release|Any CPU = Release|Any CPU
		Release|arm64 = Release|arm64
		Release|x64 = Release|x64
		Release|x86 = Release|x86
	EndGlobalSection
	GlobalSection(ProjectConfigurationPlatforms) = postSolution
		{009A14E6-47D3-4809-A22E-03F2197F14AE}.Debug|Any CPU.ActiveCfg = Debug|Any CPU
		{009A14E6-47D3-4809-A22E-03F2197F14AE}.Debug|Any CPU.Build.0 = Debug|Any CPU
		{009A14E6-47D3-4809-A22E-03F2197F14AE}.Debug|arm64.ActiveCfg = Debug|Any CPU
		{009A14E6-47D3-4809-A22E-03F2197F14AE}.Debug|arm64.Build.0 = Debug|Any CPU
		{009A14E6-47D3-4809-A22E-03F2197F14AE}.Debug|x64.ActiveCfg = Debug|Any CPU
		{009A14E6-47D3-4809-A22E-03F2197F14AE}.Debug|x64.Build.0 = Debug|Any CPU
		{009A14E6-47D3-4809-A22E-03F2197F14AE}.Debug|x86.ActiveCfg = Debug|Any CPU
		{009A14E6-47D3-4809-A22E-03F2197F14AE}.Debug|x86.Build.0 = Debug|Any CPU
		{009A14E6-47D3-4809-A22E-03F2197F14AE}.Release|Any CPU.ActiveCfg = Release|Any CPU
		{009A14E6-47D3-4809-A22E-03F2197F14AE}.Release|Any CPU.Build.0 = Release|Any CPU
		{009A14E6-47D3-4809-A22E-03F2197F14AE}.Release|arm64.ActiveCfg = Release|Any CPU
		{009A14E6-47D3-4809-A22E-03F2197F14AE}.Release|arm64.Build.0 = Release|Any CPU
		{009A14E6-47D3-4809-A22E-03F2197F14AE}.Release|x64.ActiveCfg = Release|Any CPU
		{009A14E6-47D3-4809-A22E-03F2197F14AE}.Release|x64.Build.0 = Release|Any CPU
		{009A14E6-47D3-4809-A22E-03F2197F14AE}.Release|x86.ActiveCfg = Release|Any CPU
		{009A14E6-47D3-4809-A22E-03F2197F14AE}.Release|x86.Build.0 = Release|Any CPU
		{42BBC723-59A7-4CAF-A632-C035DDED219A}.Debug|Any CPU.ActiveCfg = Debug|Any CPU
		{42BBC723-59A7-4CAF-A632-C035DDED219A}.Debug|Any CPU.Build.0 = Debug|Any CPU
		{42BBC723-59A7-4CAF-A632-C035DDED219A}.Debug|arm64.ActiveCfg = Debug|Any CPU
		{42BBC723-59A7-4CAF-A632-C035DDED219A}.Debug|arm64.Build.0 = Debug|Any CPU
		{42BBC723-59A7-4CAF-A632-C035DDED219A}.Debug|x64.ActiveCfg = Debug|Any CPU
		{42BBC723-59A7-4CAF-A632-C035DDED219A}.Debug|x64.Build.0 = Debug|Any CPU
		{42BBC723-59A7-4CAF-A632-C035DDED219A}.Debug|x86.ActiveCfg = Debug|Any CPU
		{42BBC723-59A7-4CAF-A632-C035DDED219A}.Debug|x86.Build.0 = Debug|Any CPU
		{42BBC723-59A7-4CAF-A632-C035DDED219A}.Release|Any CPU.ActiveCfg = Release|Any CPU
		{42BBC723-59A7-4CAF-A632-C035DDED219A}.Release|Any CPU.Build.0 = Release|Any CPU
		{42BBC723-59A7-4CAF-A632-C035DDED219A}.Release|arm64.ActiveCfg = Release|Any CPU
		{42BBC723-59A7-4CAF-A632-C035DDED219A}.Release|arm64.Build.0 = Release|Any CPU
		{42BBC723-59A7-4CAF-A632-C035DDED219A}.Release|x64.ActiveCfg = Release|Any CPU
		{42BBC723-59A7-4CAF-A632-C035DDED219A}.Release|x64.Build.0 = Release|Any CPU
		{42BBC723-59A7-4CAF-A632-C035DDED219A}.Release|x86.ActiveCfg = Release|Any CPU
		{42BBC723-59A7-4CAF-A632-C035DDED219A}.Release|x86.Build.0 = Release|Any CPU
		{5F34F5D7-D883-4A02-A6FF-5A5A8333BF0D}.Debug|Any CPU.ActiveCfg = Debug|Any CPU
		{5F34F5D7-D883-4A02-A6FF-5A5A8333BF0D}.Debug|Any CPU.Build.0 = Debug|Any CPU
		{5F34F5D7-D883-4A02-A6FF-5A5A8333BF0D}.Debug|arm64.ActiveCfg = Debug|Any CPU
		{5F34F5D7-D883-4A02-A6FF-5A5A8333BF0D}.Debug|arm64.Build.0 = Debug|Any CPU
		{5F34F5D7-D883-4A02-A6FF-5A5A8333BF0D}.Debug|x64.ActiveCfg = Debug|Any CPU
		{5F34F5D7-D883-4A02-A6FF-5A5A8333BF0D}.Debug|x64.Build.0 = Debug|Any CPU
		{5F34F5D7-D883-4A02-A6FF-5A5A8333BF0D}.Debug|x86.ActiveCfg = Debug|Any CPU
		{5F34F5D7-D883-4A02-A6FF-5A5A8333BF0D}.Debug|x86.Build.0 = Debug|Any CPU
		{5F34F5D7-D883-4A02-A6FF-5A5A8333BF0D}.Release|Any CPU.ActiveCfg = Release|Any CPU
		{5F34F5D7-D883-4A02-A6FF-5A5A8333BF0D}.Release|Any CPU.Build.0 = Release|Any CPU
		{5F34F5D7-D883-4A02-A6FF-5A5A8333BF0D}.Release|arm64.ActiveCfg = Release|Any CPU
		{5F34F5D7-D883-4A02-A6FF-5A5A8333BF0D}.Release|arm64.Build.0 = Release|Any CPU
		{5F34F5D7-D883-4A02-A6FF-5A5A8333BF0D}.Release|x64.ActiveCfg = Release|Any CPU
		{5F34F5D7-D883-4A02-A6FF-5A5A8333BF0D}.Release|x64.Build.0 = Release|Any CPU
		{5F34F5D7-D883-4A02-A6FF-5A5A8333BF0D}.Release|x86.ActiveCfg = Release|Any CPU
		{5F34F5D7-D883-4A02-A6FF-5A5A8333BF0D}.Release|x86.Build.0 = Release|Any CPU
		{CD635B50-0ACE-4182-B4F1-5E6C8D1FBF8A}.Debug|Any CPU.ActiveCfg = Debug|Any CPU
		{CD635B50-0ACE-4182-B4F1-5E6C8D1FBF8A}.Debug|Any CPU.Build.0 = Debug|Any CPU
		{CD635B50-0ACE-4182-B4F1-5E6C8D1FBF8A}.Debug|arm64.ActiveCfg = Debug|Any CPU
		{CD635B50-0ACE-4182-B4F1-5E6C8D1FBF8A}.Debug|arm64.Build.0 = Debug|Any CPU
		{CD635B50-0ACE-4182-B4F1-5E6C8D1FBF8A}.Debug|x64.ActiveCfg = Debug|Any CPU
		{CD635B50-0ACE-4182-B4F1-5E6C8D1FBF8A}.Debug|x64.Build.0 = Debug|Any CPU
		{CD635B50-0ACE-4182-B4F1-5E6C8D1FBF8A}.Debug|x86.ActiveCfg = Debug|Any CPU
		{CD635B50-0ACE-4182-B4F1-5E6C8D1FBF8A}.Debug|x86.Build.0 = Debug|Any CPU
		{CD635B50-0ACE-4182-B4F1-5E6C8D1FBF8A}.Release|Any CPU.ActiveCfg = Release|Any CPU
		{CD635B50-0ACE-4182-B4F1-5E6C8D1FBF8A}.Release|Any CPU.Build.0 = Release|Any CPU
		{CD635B50-0ACE-4182-B4F1-5E6C8D1FBF8A}.Release|arm64.ActiveCfg = Release|Any CPU
		{CD635B50-0ACE-4182-B4F1-5E6C8D1FBF8A}.Release|arm64.Build.0 = Release|Any CPU
		{CD635B50-0ACE-4182-B4F1-5E6C8D1FBF8A}.Release|x64.ActiveCfg = Release|Any CPU
		{CD635B50-0ACE-4182-B4F1-5E6C8D1FBF8A}.Release|x64.Build.0 = Release|Any CPU
		{CD635B50-0ACE-4182-B4F1-5E6C8D1FBF8A}.Release|x86.ActiveCfg = Release|Any CPU
		{CD635B50-0ACE-4182-B4F1-5E6C8D1FBF8A}.Release|x86.Build.0 = Release|Any CPU
		{E427C6B9-7AED-48F3-98F2-E09A2F4E9874}.Debug|Any CPU.ActiveCfg = Debug|Any CPU
		{E427C6B9-7AED-48F3-98F2-E09A2F4E9874}.Debug|Any CPU.Build.0 = Debug|Any CPU
		{E427C6B9-7AED-48F3-98F2-E09A2F4E9874}.Debug|arm64.ActiveCfg = Debug|Any CPU
		{E427C6B9-7AED-48F3-98F2-E09A2F4E9874}.Debug|arm64.Build.0 = Debug|Any CPU
		{E427C6B9-7AED-48F3-98F2-E09A2F4E9874}.Debug|x64.ActiveCfg = Debug|Any CPU
		{E427C6B9-7AED-48F3-98F2-E09A2F4E9874}.Debug|x64.Build.0 = Debug|Any CPU
		{E427C6B9-7AED-48F3-98F2-E09A2F4E9874}.Debug|x86.ActiveCfg = Debug|Any CPU
		{E427C6B9-7AED-48F3-98F2-E09A2F4E9874}.Debug|x86.Build.0 = Debug|Any CPU
		{E427C6B9-7AED-48F3-98F2-E09A2F4E9874}.Release|Any CPU.ActiveCfg = Release|Any CPU
		{E427C6B9-7AED-48F3-98F2-E09A2F4E9874}.Release|Any CPU.Build.0 = Release|Any CPU
		{E427C6B9-7AED-48F3-98F2-E09A2F4E9874}.Release|arm64.ActiveCfg = Release|Any CPU
		{E427C6B9-7AED-48F3-98F2-E09A2F4E9874}.Release|arm64.Build.0 = Release|Any CPU
		{E427C6B9-7AED-48F3-98F2-E09A2F4E9874}.Release|x64.ActiveCfg = Release|Any CPU
		{E427C6B9-7AED-48F3-98F2-E09A2F4E9874}.Release|x64.Build.0 = Release|Any CPU
		{E427C6B9-7AED-48F3-98F2-E09A2F4E9874}.Release|x86.ActiveCfg = Release|Any CPU
		{E427C6B9-7AED-48F3-98F2-E09A2F4E9874}.Release|x86.Build.0 = Release|Any CPU
		{15AE828B-7E11-4E86-98A2-962216C4A30F}.Debug|Any CPU.ActiveCfg = Debug|Any CPU
		{15AE828B-7E11-4E86-98A2-962216C4A30F}.Debug|Any CPU.Build.0 = Debug|Any CPU
		{15AE828B-7E11-4E86-98A2-962216C4A30F}.Debug|arm64.ActiveCfg = Debug|Any CPU
		{15AE828B-7E11-4E86-98A2-962216C4A30F}.Debug|arm64.Build.0 = Debug|Any CPU
		{15AE828B-7E11-4E86-98A2-962216C4A30F}.Debug|x64.ActiveCfg = Debug|Any CPU
		{15AE828B-7E11-4E86-98A2-962216C4A30F}.Debug|x64.Build.0 = Debug|Any CPU
		{15AE828B-7E11-4E86-98A2-962216C4A30F}.Debug|x86.ActiveCfg = Debug|Any CPU
		{15AE828B-7E11-4E86-98A2-962216C4A30F}.Debug|x86.Build.0 = Debug|Any CPU
		{15AE828B-7E11-4E86-98A2-962216C4A30F}.Release|Any CPU.ActiveCfg = Release|Any CPU
		{15AE828B-7E11-4E86-98A2-962216C4A30F}.Release|Any CPU.Build.0 = Release|Any CPU
		{15AE828B-7E11-4E86-98A2-962216C4A30F}.Release|arm64.ActiveCfg = Release|Any CPU
		{15AE828B-7E11-4E86-98A2-962216C4A30F}.Release|arm64.Build.0 = Release|Any CPU
		{15AE828B-7E11-4E86-98A2-962216C4A30F}.Release|x64.ActiveCfg = Release|Any CPU
		{15AE828B-7E11-4E86-98A2-962216C4A30F}.Release|x64.Build.0 = Release|Any CPU
		{15AE828B-7E11-4E86-98A2-962216C4A30F}.Release|x86.ActiveCfg = Release|Any CPU
		{15AE828B-7E11-4E86-98A2-962216C4A30F}.Release|x86.Build.0 = Release|Any CPU
		{D558C7D1-78D6-4415-92D4-CF169B7E9B43}.Debug|Any CPU.ActiveCfg = Debug|Any CPU
		{D558C7D1-78D6-4415-92D4-CF169B7E9B43}.Debug|Any CPU.Build.0 = Debug|Any CPU
		{D558C7D1-78D6-4415-92D4-CF169B7E9B43}.Debug|arm64.ActiveCfg = Debug|Any CPU
		{D558C7D1-78D6-4415-92D4-CF169B7E9B43}.Debug|arm64.Build.0 = Debug|Any CPU
		{D558C7D1-78D6-4415-92D4-CF169B7E9B43}.Debug|x64.ActiveCfg = Debug|Any CPU
		{D558C7D1-78D6-4415-92D4-CF169B7E9B43}.Debug|x64.Build.0 = Debug|Any CPU
		{D558C7D1-78D6-4415-92D4-CF169B7E9B43}.Debug|x86.ActiveCfg = Debug|Any CPU
		{D558C7D1-78D6-4415-92D4-CF169B7E9B43}.Debug|x86.Build.0 = Debug|Any CPU
		{D558C7D1-78D6-4415-92D4-CF169B7E9B43}.Release|Any CPU.ActiveCfg = Release|Any CPU
		{D558C7D1-78D6-4415-92D4-CF169B7E9B43}.Release|Any CPU.Build.0 = Release|Any CPU
		{D558C7D1-78D6-4415-92D4-CF169B7E9B43}.Release|arm64.ActiveCfg = Release|Any CPU
		{D558C7D1-78D6-4415-92D4-CF169B7E9B43}.Release|arm64.Build.0 = Release|Any CPU
		{D558C7D1-78D6-4415-92D4-CF169B7E9B43}.Release|x64.ActiveCfg = Release|Any CPU
		{D558C7D1-78D6-4415-92D4-CF169B7E9B43}.Release|x64.Build.0 = Release|Any CPU
		{D558C7D1-78D6-4415-92D4-CF169B7E9B43}.Release|x86.ActiveCfg = Release|Any CPU
		{D558C7D1-78D6-4415-92D4-CF169B7E9B43}.Release|x86.Build.0 = Release|Any CPU
	EndGlobalSection
	GlobalSection(SolutionProperties) = preSolution
		HideSolutionNode = FALSE
	EndGlobalSection
	GlobalSection(ExtensibilityGlobals) = postSolution
		SolutionGuid = {0C0213E8-AEE6-4511-9D5A-8D0F9CD75943}
	EndGlobalSection
EndGlobal
